{
  "name": "stock-app",
  "version": "0.0.0",
  "lockfileVersion": 1,
  "requires": true,
  "dependencies": {
    "@angular-devkit/architect": {
      "version": "0.1201.4",
      "resolved": "https://registry.npmjs.org/@angular-devkit/architect/-/architect-0.1201.4.tgz",
      "integrity": "sha512-hGO5NrZxV8Z7sILwokt7H+1sMf+5tJS9PJszvYlIBSzG0LBkOwwLQDb4MD42ATXFru57SXNqMZDVKoi1kTgxAw==",
      "dev": true,
      "requires": {
        "@angular-devkit/core": "12.1.4",
        "rxjs": "6.6.7"
      }
    },
    "@angular-devkit/build-angular": {
      "version": "12.1.4",
      "resolved": "https://registry.npmjs.org/@angular-devkit/build-angular/-/build-angular-12.1.4.tgz",
      "integrity": "sha512-9kMdnaU2dr8o7gJpuBsEHLUpa6huF8uZQEd1+jhKfByEY/xTQo8qztvmbhFhrSfDvdYRygNHItpt3pYEoCEOig==",
      "dev": true,
      "requires": {
        "@angular-devkit/architect": "0.1201.4",
        "@angular-devkit/build-optimizer": "0.1