{
  "name": "stock-app",
  "version": "0.0.0",
  "lockfileVersion": 1,
  "requires": true,
  "dependencies": {
    "@angular-devkit/architect": {
      "version": "0.1201.4",
      "resolved": "https://registry.npmjs.org/@angular-devkit/architect/-/architect-0.1201.4.tgz",
      "integrity": "sha512-hGO5NrZxV8Z7sILwokt7H+1sMf+5tJS9PJszvYlIBSzG0LBkOwwLQDb4MD42ATXFru57SXNqMZDVKoi1kTgxAw==",
      "dev": true,
      "requires": {
        "@angular-devkit/core": "12.1.4",
        "rxjs": "6.6.7"
      }
    },
    "@angular-devkit/build-angular": {
      "version": "12.1.4",
      "resolved": "https://registry.npmjs.org/@angular-devkit/build-angular/-/build-angular-12.1.4.tgz",
      "integrity": "sha512-9kMdnaU2dr8o7gJpuBsEHLUpa6huF8uZQEd1+jhKfByEY/xTQo8qztvmbhFhrSfDvdYRygNHItpt3pYEoCEOig==",
      "dev": true,
      "requires": {
        "@angular-devkit/architect": "0.1201.4",
        "@angular-devkit/build-optimizer": "0.1201.4",
        "@angular-devkit/build-webpack": "0.1201.4",
        "@angular-devkit/core": "12.1.4",
        "@babel/core": "7.14.6",
        "@babel/generator": "7.14.5",
        "@babel/helper-annotate-as-pure": "7.14.5",
        "@babel/plugin-proposal-async-generator-functions": "7.14.7",
        "@babel/plugin-transform-async-to-generator": "7.14.5",
        "@babel/plugin-transform-runtime": "7.14.5",
        "@babel/preset-env": "7.14.7",
        "@babel/runtime": "7.14.6",
        "@babel/template": "7.14.5",
        "@discoveryjs/json-ext": "0.5.3",
        "@jsdevtools/coverage-istanbul-loader": "3.0.5",
        "@ngtools/webpack": "12.1.4",
        "ansi-colors": "4.1.1",
        "babel-loader": "8.2.2",
        "browserslist": "^4.9.1",
        "cacache": "15.2.0",
        "caniuse-lite": "^1.0.30001032",
        "circular-dependency-plugin": "5.2.2",
        "copy-webpack-plugin": "9.0.0",
        "core-js": "3.15.1",
        "critters": "0.0.10",
        "css-loader": "5.2.6",
        "css-minimizer-webpack-plugin": "3.0.1",
        "find-cache-dir": "3.3.1",
        "glob": "7.1.7",
        "https-proxy-agent": "5.0.0",
        "inquirer": "8.1.1",
        "jest-worker": "27.0.2",
        "karma-source-map-support": "1.4.0",
        "less": "4.1.1",
        "less-loader": "10.0.0",
        "license-webpack-plugin": "2.3.20",
        "loader-utils": "2.0.0",
        "mini-css-extract-plugin": "1.6.2",
        "minimatch": "3.0.4",
        "open": "8.2.1",
        "ora": "5.4.1",
        "parse5-html-rewriting-stream": "6.0.1",
        "postcss": "8.3.5",
        "postcss-import": "14.0.2",
        "postcss-loader": "6.1.0",
        "postcss-preset-env": "6.7.0",
        "raw-loader": "4.0.2",
        "regenerator-runtime": "0.13.7",
        "resolve-url-loader": "4.0.0",
        "rxjs": "6.6.7",
        "sass": "1.35.1",
        "sass-loader": "12.1.0",
        "semver": "7.3.5",
        "source-map": "0.7.3",
        "source-map-loader": "3.0.0",
        "source-map-support": "0.5.19",
        "style-loader": "2.0.0",
        "stylus": "0.54.8",
        "stylus-loader": "6.1.0",
        "terser": "5.7.0",
        "terser-webpack-plugin": "5.1.3",
        "text-table": "0.2.0",
        "tree-kill": "1.2.2",
        "tslib": "2.3.0",
        "webpack": "5.44.0",
        "webpack-dev-middleware": "5.0.0",
        "webpack-dev-server": "3.11.2",
        "webpack-merge": "5.8.0",
        "webpack-subresource-integrity": "1.5.2"
      },
      "dependencies": {
        "tslib": {
          "version": "2.3.0",
          "resolved": "https://registry.npmjs.org/tslib/-/tslib-2.3.0.tgz",
          "integrity": "sha512-N82ooyxVNm6h1riLCoyS9e3fuJ3AMG2zIZs2Gd1ATcSFjSA23Q0fzjjZeh0jbJvWVDZ0cJT8yaNNaaXHzueNjg==",
          "dev": true
        }
      }
    },
    "@angular-devkit/build-optimizer": {
      "version": "0.1201.4",
      "resolved": "https://registry.npmjs.org/@angular-devkit/build-optimizer/-/build-optimizer-0.1201.4.tgz",
      "integrity": "sha512-Hq+mDUe4xIyq4939JZaUkptsM89WnZOk8Qel6mS0T/bxMX/qs+nuGD5o+xDKkuayogbiTrLmyZBib0/90eSXEA==",
      "dev": true,
      "requires": {
        "source-map": "0.7.3",
        "tslib": "2.3.0",
        "typescript": "4.3.4"
      },
      "dependencies": {
        "tslib": {
          "version": "2.3.0",
          "resolved": "https://registry.npmjs.org/tslib/-/tslib-2.3.0.tgz",
          "integrity": "sha512-N82ooyxVNm6h1riLCoyS9e3fuJ3AMG2zIZs2Gd1ATcSFjSA23Q0fzjjZeh0jbJvWVDZ0cJT8yaNNaaXHzueNjg==",
          "dev": true
        },
        "typescript": {
          "version": "4.3.4",
          "resolved": "https://registry.npmjs.org/typescript/-/typescript-4.3.4.tgz",
          "integrity": "sha512-uauPG7XZn9F/mo+7MrsRjyvbxFpzemRjKEZXS4AK83oP2KKOJPvb+9cO/gmnv8arWZvhnjVOXz7B49m1l0e9Ew==",
          "dev": true
        }
      }
    },
    "@angular-devkit/build-webpack": {
      "version": "0.1201.4",
      "resolved": "https://registry.npmjs.org/@angular-devkit/build-webpack/-/build-webpack-0.1201.4.tgz",
      "integrity": "sha512-eMmbyHyWJZMQ1tfwVdja/iAk/eXJFYrF8b27gDV9gGI7MGB3KJ93AhkbPbcvlw4Hhx4+6M11GfeXzbwH0q9pnQ==",
      "dev": true,
      "requires": {
        "@angular-devkit/architect": "0.1201.4",
        "rxjs": "6.6.7"
      }
    },
    "@angular-devkit/core": {
      "version": "12.1.4",
      "resolved": "https://registry.npmjs.org/@angular-devkit/core/-/core-12.1.4.tgz",
      "integrity": "sha512-KOzGD8JbP/7EeUwPiU5x+fo3ZEQ5R4IVW5WoH92PaO3mdpqXC7UL2MWLct8PUe9il9nqJMvrBMldSSvP9PCT2w==",
      "dev": true,
      "requires": {
        "ajv": "8.6.0",
        "ajv-formats": "2.1.0",
        "fast-json-stable-stringify": "2.1.0",
        "magic-string": "0.25.7",
        "rxjs": "6.6.7",
        "source-map": "0.7.3"
      }
    },
    "@angular-devkit/schematics": {
      "version": "12.1.4",
      "resolved": "https://registry.npmjs.org/@angular-devkit/schematics/-/schematics-12.1.4.tgz",
      "integrity": "sha512-yD3y3pK/K5piOgvALFoCCiPp4H8emNa3yZL+vlpEpewVLpF1MM55LeTxc0PI5s0uqtOGVnvcbA5wYgMm3YsUEA==",
      "dev": true,
      "requires": {
        "@angular-devkit/core": "12.1.4",
        "ora": "5.4.1",
        "rxjs": "6.6.7"
      }
    },
    "@angular/animations": {
      "version": "12.1.5",
      "resolved": "https://registry.npmjs.org/@angular/animations/-/animations-12.1.5.tgz",
      "integrity": "sha512-t17n8RuzkY7lYawmI01WuNWf70ttvEPknmS3sh7q2IAsBdRiLQCBmh6Hw5q0SBaQNoRWNIcUWKBwl4EmyXOtrA==",
      "requires": {
        "tslib": "^2.2.0"
      }
    },
    "@angular/cdk": {
      "version": "12.2.13",
      "resolved": "https://registry.npmjs.org/@angular/cdk/-/cdk-12.2.13.tgz",
      "integrity": "sha512-zSKRhECyFqhingIeyRInIyTvYErt4gWo+x5DQr0b7YLUbU8DZSwWnG4w76Ke2s4U8T7ry1jpJBHoX/e8YBpGMg==",
      "requires": {
        "parse5": "^5.0.0",
        "tslib": "^2.2.0"
      },
      "dependencies": {
        "parse5": {
          "version": "5.1.1",
          "resolved": "https://registry.npmjs.org/parse5/-/parse5-5.1.1.tgz",
          "integrity": "sha512-ugq4DFI0Ptb+WWjAdOK16+u/nHfiIrcE+sh8kZMaM0WllQKLI9rOUq6c2b7cwPkXdzfQESqvoqK6ug7U/Yyzug==",
          "optional": true
        }
      }
    },
    "@angular/cli": {
      "version": "12.1.4",
      "resolved": "https://registry.npmjs.org/@angular/cli/-/cli-12.1.4.tgz",
      "integrity": "sha512-LpyhyqWe3bFcuH3MrXeYoIPI1htjwG1b5ehETfq4qsMvNmuFON6QI+F7EWEpX7lItVQc2bES+ogasTZsZue/uw==",
      "dev": true,
      "requires": {
        "@angular-devkit/architect": "0.1201.4",
        "@angular-devkit/core": "12.1.4",
        "@angular-devkit/schematics": "12.1.4",
        "@schematics/angular": "12.1.4",
        "@yarnpkg/lockfile": "1.1.0",
        "ansi-colors": "4.1.1",
        "debug": "4.3.1",
        "ini": "2.0.0",
        "inquirer": "8.1.1",
        "jsonc-parser": "3.0.0",
        "npm-package-arg": "8.1.5",
        "npm-pick-manifest": "6.1.1",
        "open": "8.2.1",
        "ora": "5.4.1",
        "pacote": "11.3.4",
        "resolve": "1.20.0",
        "semver": "7.3.5",
        "symbol-observable": "4.0.0",
        "uuid": "8.3.2"
      },
      "dependencies": {
        "debug": {
          "version": "4.3.1",
          "resolved": "https://registry.npmjs.org/debug/-/debug-4.3.1.tgz",
          "integrity": "sha512-doEwdvm4PCeK4K3RQN2ZC2BYUBaxwLARCqZmMjtF8a51J2Rb0xpVloFRnCODwqjpwnAoao4pelN8l3RJdv3gRQ==",
          "dev": true,
          "requires": {
            "ms": "2.1.2"
          }
        },
        "resolve": {
          "version": "1.20.0",
          "resolved": "https://registry.npmjs.org/resolve/-/resolve-1.20.0.tgz",
          "integrity": "sha512-wENBPt4ySzg4ybFQW2TT1zMQucPK95HSh/nq2CFTZVOGut2+pQvSsgtda4d26YrYcr067wjbmzOG8byDPBX63A==",
          "dev": true,
          "requires": {
            "is-core-module": "^2.2.0",
            "path-parse": "^1.0.6"
          }
        }
      }
    },
    "@angular/common": {
      "version": "12.1.5",
      "resolved": "https://registry.npmjs.org/@angular/common/-/common-12.1.5.tgz",
      "integrity": "sha512-xs33eMhV79S85nbH5FVmujKY3OoczloW9oOGRe5tCzxsDDv85hadrB8Mbm3qI5WQ99DNk8M2+P0MW6uiyCAWkQ==",
      "requires": {
        "tslib": "^2.2.0"
      }
    },
    "@angular/compiler": {
      "version": "12.1.5",
      "resolved": "https://registry.npmjs.org/@angular/compiler/-/compiler-12.1.5.tgz",
      "integrity": "sha512-MBrNCuTFmBiTy+sqmBYRqfBHPBJeONvRWOxHepn/CMtjHJiTZ+PHG61Chu2ySxLBuOZxAGaP4GMcqIc15G742g==",
      "requires": {
        "tslib": "^2.2.0"
      }
    },
    "@angular/compiler-cli": {
      "version": "12.1.5",
      "resolved": "https://registry.npmjs.org/@angular/compiler-cli/-/compiler-cli-12.1.5.tgz",
      "integrity": "sha512-5YqZ5heKS3G5t3Fg9L26UedNnum8F9yjNDgUq0qvYR2b6nEDOLYgUxuUSRtg6IGDglSgbxpkgkGNd/SHF9Iu8A==",
      "dev": true,
      "requires": {
        "@babel/core": "^7.8.6",
        "@babel/types": "^7.8.6",
        "canonical-path": "1.0.0",
        "chokidar": "^3.0.0",
        "convert-source-map": "^1.5.1",
        "dependency-graph": "^0.11.0",
        "magic-string": "^0.25.0",
        "minimist": "^1.2.0",
        "reflect-metadata": "^0.1.2",
        "semver": "^7.0.0",
        "source-map": "^0.6.1",
        "sourcemap-codec": "^1.4.8",
        "tslib": "^2.2.0",
        "yargs": "^17.0.0"
      },
      "dependencies": {
        "ansi-styles": {
          "version": "4.3.0",
          "resolved": "https://registry.npmjs.org/ansi-styles/-/ansi-styles-4.3.0.tgz",
          "integrity": "sha512-zbB9rCJAT1rbjiVDb2hqKFHNYLxgtk8NURxZ3IZwD3F6NtxbXZQCnnSi1Lkx+IDohdPlFp222wVALIheZJQSEg==",
          "dev": true,
          "requires": {
            "color-convert": "^2.0.1"
          }
        },
        "cliui": {
          "version": "8.0.1",
          "resolved": "https://registry.npmjs.org/cliui/-/cliui-8.0.1.tgz",
          "integrity": "sha512-BSeNnyus75C4//NQ9gQt1/csTXyo/8Sb+afLAkzAptFuMsod9HFokGNudZpi/oQV73hnVK+sR+5PVRMd+Dr7YQ==",
          "dev": true,
          "requires": {
            "string-width": "^4.2.0",
            "strip-ansi": "^6.0.1",
            "wrap-ansi": "^7.0.0"
          }
        },
        "color-convert": {
          "version": "2.0.1",
          "resolved": "https://registry.npmjs.org/color-convert/-/color-convert-2.0.1.tgz",
          "integrity": "sha512-RRECPsj7iu/xb5oKYcsFHSppFNnsj/52OVTRKb4zP5onXwVF3zVmmToNcOfGC+CRDpfK/U584fMg38ZHCaElKQ==",
          "dev": true,
          "requires": {
            "color-name": "~1.1.4"
          }
        },
        "color-name": {
          "version": "1.1.4",
          "resolved": "https://registry.npmjs.org/color-name/-/color-name-1.1.4.tgz",
          "integrity": "sha512-dOy+3AuW3a2wNbZHIuMZpTcgjGuLU/uBL/ubcZF9OXbDo8ff4O8yVp5Bf0efS8uEoYo5q4Fx7dY9OgQGXgAsQA==",
          "dev": true
        },
        "source-map": {
          "version": "0.6.1",
          "resolved": "https://registry.npmjs.org/source-map/-/source-map-0.6.1.tgz",
          "integrity": "sha512-UjgapumWlbMhkBgzT7Ykc5YXUT46F0iKu8SGXq0bcwP5dz/h0Plj6enJqjz1Zbq2l5WaqYnrVbwWOWMyF3F47g==",
          "dev": true
        },
        "wrap-ansi": {
          "version": "7.0.0",
          "resolved": "https://registry.npmjs.org/wrap-ansi/-/wrap-ansi-7.0.0.tgz",
          "integrity": "sha512-YVGIj2kamLSTxw6NsZjoBxfSwsn0ycdesmc4p+Q21c5zPuZ1pl+NfxVdxPtdHvmNVOQ6XSYG4AUtyt/Fi7D16Q==",
          "dev": true,
          "requires": {
            "ansi-styles": "^4.0.0",
            "string-width": "^4.1.0",
            "strip-ansi": "^6.0.0"
          }
        },
        "y18n": {
          "version": "5.0.8",
          "resolved": "https://registry.npmjs.org/y18n/-/y18n-5.0.8.tgz",
          "integrity": "sha512-0pfFzegeDWJHJIAmTLRP2DwHjdF5s7jo9tuztdQxAhINCdvS+3nGINqPd00AphqJR/0LhANUS6/+7SCb98YOfA==",
          "dev": true
        },
        "yargs": {
          "version": "17.6.0",
          "resolved": "https://registry.npmjs.org/yargs/-/yargs-17.6.0.tgz",
          "integrity": "sha512-8H/wTDqlSwoSnScvV2N/JHfLWOKuh5MVla9hqLjK3nsfyy6Y4kDSYSvkU5YCUEPOSnRXfIyx3Sq+B/IWudTo4g==",
          "dev": true,
          "requires": {
            "cliui": "^8.0.1",
            "escalade": "^3.1.1",
            "get-caller-file": "^2.0.5",
            "require-directory": "^2.1.1",
            "string-width": "^4.2.3",
            "y18n": "^5.0.5",
            "yargs-parser": "^21.0.0"
          }
        },
        "yargs-parser": {
          "version": "21.1.1",
          "resolved": "https://registry.npmjs.org/yargs-parser/-/yargs-parser-21.1.1.tgz",
          "integrity": "sha512-tVpsJW7DdjecAiFpbIB1e3qxIQsE6NoPc5/eTdrbbIC4h0LVsWhnoa3g+m2HclBIujHzsxZ4VJVA+GUuc2/LBw==",
          "dev": true
        }
      }
    },
    "@angular/core": {
      "version": "12.1.5",
      "resolved": "https://registry.npmjs.org/@angular/core/-/core-12.1.5.tgz",
      "integrity": "sha512-okXnhAPxfblAWSe5M/IqrSATi+ul83a9o9PWOTFR/XCVcbx+neE2IwIr1dIDKBKj91b1CFalLS+uOSkN05PNkA==",
      "requires": {
        "tslib": "^2.2.0"
      }
    },
    "@angular/forms": {
      "version": "12.1.5",
      "resolved": "https://registry.npmjs.org/@angular/forms/-/forms-12.1.5.tgz",
      "integrity": "sha512-ABfBRCZYVbR5MUkMNrYU/ovCjXtCedk0h4phzCimGl6hBcpbumT9z/3m0TsY9sQnLq0BaCfKNklnHwCuO9mSSg==",
      "requires": {
        "tslib": "^2.2.0"
      }
    },
    "@angular/material": {
      "version": "12.2.13",
      "resolved": "https://registry.npmjs.org/@angular/material/-/material-12.2.13.tgz",
      "integrity": "sha512-6g2GyN4qp2D+DqY2AwrQuPB3cd9gybvQVXvNRbTPXEulHr+LgGei00ySdFHFp6RvdGSMZ4i3LM1Fq3VkFxhCfQ==",
      "requires": {
        "tslib": "^2.2.0"
      }
    },
    "@angular/platform-browser": {
      "version": "12.1.5",
      "resolved": "https://registry.npmjs.org/@angular/platform-browser/-/platform-browser-12.1.5.tgz",
      "integrity": "sha512-UNlmvCY8cS1/WojCJtgf/EMMN8qdPV1IQa6vZ6/ChQiS38YlH+aQEOCcxtSSfMFmWjaz7j67u55vSlkvA4rApQ==",
      "requires": {
        "tslib": "^2.2.0"
      }
    },
    "@angular/platform-browser-dynamic": {
      "version": "12.1.5",
      "resolved": "https://registry.npmjs.org/@angular/platform-browser-dynamic/-/platform-browser-dynamic-12.1.5.tgz",
      "integrity": "sha512-4Anc2pRGRnBHzSeWMYOaEs6hUYw09N/WsOg1lHevZ8abwXyo80xOKiZa+kfgFkst0XaY8DzuDQFnj7opcEVdCQ==",
      "requires": {
        "tslib": "^2.2.0"
      }
    },
    "@angular/router": {
      "version": "12.1.5",
      "resolved": "https://registry.npmjs.org/@angular/router/-/router-12.1.5.tgz",
      "integrity": "sha512-ZZFLcaenVFKCyaxD3mU4cuV4RNFwCEN6JLWmkOFkwIt01RVJcvPaPxiv4pfQf5hnk2HeSciMA0J+UIzSu5YKMA==",
      "requires": {
        "tslib": "^2.2.0"
      }
    },
    "@babel/code-frame": {
      "version": "7.18.6",
      "resolved": "https://registry.npmjs.org/@babel/code-frame/-/code-frame-7.18.6.tgz",
      "integrity": "sha512-TDCmlK5eOvH+eH7cdAFlNXeVJqWIQ7gW9tY1GJIpUtFb6CmjVyq2VM3u71bOyR8CRihcCgMUYoDNyLXao3+70Q==",
      "dev": true,
      "requires": {
        "@babel/highlight": "^7.18.6"
      }
    },
    "@babel/compat-data": {
      "version": "7.19.4",
      "resolved": "https://registry.npmjs.org/@babel/compat-data/-/compat-data-7.19.4.tgz",
      "integrity": "sha512-CHIGpJcUQ5lU9KrPHTjBMhVwQG6CQjxfg36fGXl3qk/Gik1WwWachaXFuo0uCWJT/mStOKtcbFJCaVLihC1CMw==",
      "dev": true
    },
    "@babel/core": {
      "version": "7.14.6",
      "resolved": "https://registry.npmjs.org/@babel/core/-/core-7.14.6.tgz",
      "integrity": "sha512-gJnOEWSqTk96qG5BoIrl5bVtc23DCycmIePPYnamY9RboYdI4nFy5vAQMSl81O5K/W0sLDWfGysnOECC+KUUCA==",
      "dev": true,
      "requires": {
        "@babel/code-frame": "^7.14.5",
        "@babel/generator": "^7.14.5",
        "@babel/helper-compilation-targets": "^7.14.5",
        "@babel/helper-module-transforms": "^7.14.5",
        "@babel/helpers": "^7.14.6",
        "@babel/parser": "^7.14.6",
        "@babel/template": "^7.14.5",
        "@babel/traverse": "^7.14.5",
        "@babel/types": "^7.14.5",
        "convert-source-map": "^1.7.0",
        "debug": "^4.1.0",
        "gensync": "^1.0.0-beta.2",
        "json5": "^2.1.2",
        "semver": "^6.3.0",
        "source-map": "^0.5.0"
      },
      "dependencies": {
        "semver": {
          "version": "6.3.0",
          "resolved": "https://registry.npmjs.org/semver/-/semver-6.3.0.tgz",
          "integrity": "sha512-b39TBaTSfV6yBrapU89p5fKekE2m/NwnDocOVruQFS1/veMgdzuPcnOM34M6CwxW8jH/lxEa5rBoDeUwu5HHTw==",
          "dev": true
        },
        "source-map": {
          "version": "0.5.7",
          "resolved": "https://registry.npmjs.org/source-map/-/source-map-0.5.7.tgz",
          "integrity": "sha512-LbrmJOMUSdEVxIKvdcJzQC+nQhe8FUZQTXQy6+I75skNgn3OoQ0DZA8YnFa7gp8tqtL3KPf1kmo0R5DoApeSGQ==",
          "dev": true
        }
      }
    },
    "@babel/generator": {
      "version": "7.14.5",
      "resolved": "https://registry.npmjs.org/@babel/generator/-/generator-7.14.5.tgz",
      "integrity": "sha512-y3rlP+/G25OIX3mYKKIOlQRcqj7YgrvHxOLbVmyLJ9bPmi5ttvUmpydVjcFjZphOktWuA7ovbx91ECloWTfjIA==",
      "dev": true,
      "requires": {
        "@babel/types": "^7.14.5",
        "jsesc": "^2.5.1",
        "source-map": "^0.5.0"
      },
      "dependencies": {
        "source-map": {
          "version": "0.5.7",
          "resolved": "https://registry.npmjs.org/source-map/-/source-map-0.5.7.tgz",
          "integrity": "sha512-LbrmJOMUSdEVxIKvdcJzQC+nQhe8FUZQTXQy6+I75skNgn3OoQ0DZA8YnFa7gp8tqtL3KPf1kmo0R5DoApeSGQ==",
          "dev": true
        }
      }
    },
    "@babel/helper-annotate-as-pure": {
      "version": "7.14.5",
      "resolved": "https://registry.npmjs.org/@babel/helper-annotate-as-pure/-/helper-annotate-as-pure-7.14.5.tgz",
      "integrity": "sha512-EivH9EgBIb+G8ij1B2jAwSH36WnGvkQSEC6CkX/6v6ZFlw5fVOHvsgGF4uiEHO2GzMvunZb6tDLQEQSdrdocrA==",
      "dev": true,
      "requires": {
        "@babel/types": "^7.14.5"
      }
    },
    "@babel/helper-builder-binary-assignment-operator-visitor": {
      "version": "7.18.9",
      "resolved": "https://registry.npmjs.org/@babel/helper-builder-binary-assignment-operator-visitor/-/helper-builder-binary-assignment-operator-visitor-7.18.9.tgz",
      "integrity": "sha512-yFQ0YCHoIqarl8BCRwBL8ulYUaZpz3bNsA7oFepAzee+8/+ImtADXNOmO5vJvsPff3qi+hvpkY/NYBTrBQgdNw==",
      "dev": true,
      "requires": {
        "@babel/helper-explode-assignable-expression": "^7.18.6",
        "@babel/types": "^7.18.9"
      }
    },
    "@babel/helper-compilation-targets": {
      "version": "7.19.3",
      "resolved": "https://registry.npmjs.org/@babel/helper-compilation-targets/-/helper-compilation-targets-7.19.3.tgz",
      "integrity": "sha512-65ESqLGyGmLvgR0mst5AdW1FkNlj9rQsCKduzEoEPhBCDFGXvz2jW6bXFG6i0/MrV2s7hhXjjb2yAzcPuQlLwg==",
      "dev": true,
      "requires": {
        "@babel/compat-data": "^7.19.3",
        "@babel/helper-validator-option": "^7.18.6",
        "browserslist": "^4.21.3",
        "semver": "^6.3.0"
      },
      "dependencies": {
        "semver": {
          "version": "6.3.0",
          "resolved": "https://registry.npmjs.org/semver/-/semver-6.3.0.tgz",
          "integrity": "sha512-b39TBaTSfV6yBrapU89p5fKekE2m/NwnDocOVruQFS1/veMgdzuPcnOM34M6CwxW8jH/lxEa5rBoDeUwu5HHTw==",
          "dev": true
        }
      }
    },
    "@babel/helper-create-class-features-plugin": {
      "version": "7.19.0",
      "resolved": "https://registry.npmjs.org/@babel/helper-create-class-features-plugin/-/helper-create-class-features-plugin-7.19.0.tgz",
      "integrity": "sha512-NRz8DwF4jT3UfrmUoZjd0Uph9HQnP30t7Ash+weACcyNkiYTywpIjDBgReJMKgr+n86sn2nPVVmJ28Dm053Kqw==",
      "dev": true,
      "requires": {
        "@babel/helper-annotate-as-pure": "^7.18.6",
        "@babel/helper-environment-visitor": "^7.18.9",
        "@babel/helper-function-name": "^7.19.0",
        "@babel/helper-member-expression-to-functions": "^7.18.9",
        "@babel/helper-optimise-call-expression": "^7.18.6",
        "@babel/helper-replace-supers": "^7.18.9",
        "@babel/helper-split-export-declaration": "^7.18.6"
      },
      "dependencies": {
        "@babel/helper-annotate-as-pure": {
          "version": "7.18.6",
          "resolved": "https://registry.npmjs.org/@babel/helper-annotate-as-pure/-/helper-annotate-as-pure-7.18.6.tgz",
          "integrity": "sha512-duORpUiYrEpzKIop6iNbjnwKLAKnJ47csTyRACyEmWj0QdUrm5aqNJGHSSEQSUAvNW0ojX0dOmK9dZduvkfeXA==",
          "dev": true,
          "requires": {
            "@babel/types": "^7.18.6"
          }
        }
      }
    },
    "@babel/helper-create-regexp-features-plugin": {
      "version": "7.19.0",
      "resolved": "https://registry.npmjs.org/@babel/helper-create-regexp-features-plugin/-/helper-create-regexp-features-plugin-7.19.0.tgz",
      "integrity": "sha512-htnV+mHX32DF81amCDrwIDr8nrp1PTm+3wfBN9/v8QJOLEioOCOG7qNyq0nHeFiWbT3Eb7gsPwEmV64UCQ1jzw==",
      "dev": true,
      "requires": {
        "@babel/helper-annotate-as-pure": "^7.18.6",
        "regexpu-core": "^5.1.0"
      },
      "dependencies": {
        "@babel/helper-annotate-as-pure": {
          "version": "7.18.6",
          "resolved": "https://registry.npmjs.org/@babel/helper-annotate-as-pure/-/helper-annotate-as-pure-7.18.6.tgz",
          "integrity": "sha512-duORpUiYrEpzKIop6iNbjnwKLAKnJ47csTyRACyEmWj0QdUrm5aqNJGHSSEQSUAvNW0ojX0dOmK9dZduvkfeXA==",
          "dev": true,
          "requires": {
            "@babel/types": "^7.18.6"
          }
        }
      }
    },
    "@babel/helper-define-polyfill-provider": {
      "version": "0.2.4",
      "resolved": "https://registry.npmjs.org/@babel/helper-define-polyfill-provider/-/helper-define-polyfill-provider-0.2.4.tgz",
      "integrity": "sha512-OrpPZ97s+aPi6h2n1OXzdhVis1SGSsMU2aMHgLcOKfsp4/v1NWpx3CWT3lBj5eeBq9cDkPkh+YCfdF7O12uNDQ==",
      "dev": true,
      "requires": {
        "@babel/helper-compilation-targets": "^7.13.0",
        "@babel/helper-module-imports": "^7.12.13",
        "@babel/helper-plugin-utils": "^7.13.0",
        "@babel/traverse": "^7.13.0",
        "debug": "^4.1.1",
        "lodash.debounce": "^4.0.8",
        "resolve": "^1.14.2",
        "semver": "^6.1.2"
      },
      "dependencies": {
        "semver": {
          "version": "6.3.0",
          "resolved": "https://registry.npmjs.org/semver/-/semver-6.3.0.tgz",
          "integrity": "sha512-b39TBaTSfV6yBrapU89p5fKekE2m/NwnDocOVruQFS1/veMgdzuPcnOM34M6CwxW8jH/lxEa5rBoDeUwu5HHTw==",
          "dev": true
        }
      }
    },
    "@babel/helper-environment-visitor": {
      "version": "7.18.9",
      "resolved": "https://registry.npmjs.org/@babel/helper-environment-visitor/-/helper-environment-visitor-7.18.9.tgz",
      "integrity": "sha512-3r/aACDJ3fhQ/EVgFy0hpj8oHyHpQc+LPtJoY9SzTThAsStm4Ptegq92vqKoE3vD706ZVFWITnMnxucw+S9Ipg==",
      "dev": true
    },
    "@babel/helper-explode-assignable-expression": {
      "version": "7.18.6",
      "resolved": "https://registry.npmjs.org/@babel/helper-explode-assignable-expression/-/helper-explode-assignable-expression-7.18.6.tgz",
      "integrity": "sha512-eyAYAsQmB80jNfg4baAtLeWAQHfHFiR483rzFK+BhETlGZaQC9bsfrugfXDCbRHLQbIA7U5NxhhOxN7p/dWIcg==",
      "dev": true,
      "requires": {
        "@babel/types": "^7.18.6"
      }
    },
    "@babel/helper-function-name": {
      "version": "7.19.0",
      "resolved": "https://registry.npmjs.org/@babel/helper-function-name/-/helper-function-name-7.19.0.tgz",
      "integrity": "sha512-WAwHBINyrpqywkUH0nTnNgI5ina5TFn85HKS0pbPDfxFfhyR/aNQEn4hGi1P1JyT//I0t4OgXUlofzWILRvS5w==",
      "dev": true,
      "requires": {
        "@babel/template": "^7.18.10",
        "@babel/types": "^7.19.0"
      },
      "dependencies": {
        "@babel/template": {
          "version": "7.18.10",
          "resolved": "https://registry.npmjs.org/@babel/template/-/template-7.18.10.tgz",
          "integrity": "sha512-TI+rCtooWHr3QJ27kJxfjutghu44DLnasDMwpDqCXVTal9RLp3RSYNh4NdBrRP2cQAoG9A8juOQl6P6oZG4JxA==",
          "dev": true,
          "requires": {
            "@babel/code-frame": "^7.18.6",
            "@babel/parser": "^7.18.10",
            "@babel/types": "^7.18.10"
          }
        }
      }
    },
    "@babel/helper-hoist-variables": {
      "version": "7.18.6",
      "resolved": "https://registry.npmjs.org/@babel/helper-hoist-variables/-/helper-hoist-variables-7.18.6.tgz",
      "integrity": "sha512-UlJQPkFqFULIcyW5sbzgbkxn2FKRgwWiRexcuaR8RNJRy8+LLveqPjwZV/bwrLZCN0eUHD/x8D0heK1ozuoo6Q==",
      "dev": true,
      "requires": {
        "@babel/types": "^7.18.6"
      }
    },
    "@babel/helper-member-expression-to-functions": {
      "version": "7.18.9",
      "resolved": "https://registry.npmjs.org/@babel/helper-member-expression-to-functions/-/helper-member-expression-to-functions-7.18.9.tgz",
      "integrity": "sha512-RxifAh2ZoVU67PyKIO4AMi1wTenGfMR/O/ae0CCRqwgBAt5v7xjdtRw7UoSbsreKrQn5t7r89eruK/9JjYHuDg==",
      "dev": true,
      "requires": {
        "@babel/types": "^7.18.9"
      }
    },
    "@babel/helper-module-imports": {
      "version": "7.18.6",
      "resolved": "https://registry.npmjs.org/@babel/helper-module-imports/-/helper-module-imports-7.18.6.tgz",
      "integrity": "sha512-0NFvs3VkuSYbFi1x2Vd6tKrywq+z/cLeYC/RJNFrIX/30Bf5aiGYbtvGXolEktzJH8o5E5KJ3tT+nkxuuZFVlA==",
      "dev": true,
      "requires": {
        "@babel/types": "^7.18.6"
      }
    },
    "@babel/helper-module-transforms": {
      "version": "7.19.0",
      "resolved": "https://registry.npmjs.org/@babel/helper-module-transforms/-/helper-module-transforms-7.19.0.tgz",
      "integrity": "sha512-3HBZ377Fe14RbLIA+ac3sY4PTgpxHVkFrESaWhoI5PuyXPBBX8+C34qblV9G89ZtycGJCmCI/Ut+VUDK4bltNQ==",
      "dev": true,
      "requires": {
        "@babel/helper-environment-visitor": "^7.18.9",
        "@babel/helper-module-imports": "^7.18.6",
        "@babel/helper-simple-access": "^7.18.6",
        "@babel/helper-split-export-declaration": "^7.18.6",
        "@babel/helper-validator-identifier": "^7.18.6",
        "@babel/template": "^7.18.10",
        "@babel/traverse": "^7.19.0",
        "@babel/types": "^7.19.0"
      },
      "dependencies": {
        "@babel/template": {
          "version": "7.18.10",
          "resolved": "https://registry.npmjs.org/@babel/template/-/template-7.18.10.tgz",
          "integrity": "sha512-TI+rCtooWHr3QJ27kJxfjutghu44DLnasDMwpDqCXVTal9RLp3RSYNh4NdBrRP2cQAoG9A8juOQl6P6oZG4JxA==",
          "dev": true,
          "requires": {
            "@babel/code-frame": "^7.18.6",
            "@babel/parser": "^7.18.10",
            "@babel/types": "^7.18.10"
          }
        }
      }
    },
    "@babel/helper-optimise-call-expression": {
      "version": "7.18.6",
      "resolved": "https://registry.npmjs.org/@babel/helper-optimise-call-expression/-/helper-optimise-call-expression-7.18.6.tgz",
      "integrity": "sha512-HP59oD9/fEHQkdcbgFCnbmgH5vIQTJbxh2yf+CdM89/glUNnuzr87Q8GIjGEnOktTROemO0Pe0iPAYbqZuOUiA==",
      "dev": true,
      "requires": {
        "@babel/types": "^7.18.6"
      }
    },
    "@babel/helper-plugin-utils": {
      "version": "7.19.0",
      "resolved": "https://registry.npmjs.org/@babel/helper-plugin-utils/-/helper-plugin-utils-7.19.0.tgz",
      "integrity": "sha512-40Ryx7I8mT+0gaNxm8JGTZFUITNqdLAgdg0hXzeVZxVD6nFsdhQvip6v8dqkRHzsz1VFpFAaOCHNn0vKBL7Czw==",
      "dev": true
    },
    "@babel/helper-remap-async-to-generator": {
      "version": "7.18.9",
      "resolved": "https://registry.npmjs.org/@babel/helper-remap-async-to-generator/-/helper-remap-async-to-generator-7.18.9.tgz",
      "integrity": "sha512-dI7q50YKd8BAv3VEfgg7PS7yD3Rtbi2J1XMXaalXO0W0164hYLnh8zpjRS0mte9MfVp/tltvr/cfdXPvJr1opA==",
      "dev": true,
      "requires": {
        "@babel/helper-annotate-as-pure": "^7.18.6",
        "@babel/helper-environment-visitor": "^7.18.9",
        "@babel/helper-wrap-function": "^7.18.9",
        "@babel/types": "^7.18.9"
      },
      "dependencies": {
        "@babel/helper-annotate-as-pure": {
          "version": "7.18.6",
          "resolved": "https://registry.npmjs.org/@babel/helper-annotate-as-pure/-/helper-annotate-as-pure-7.18.6.tgz",
          "integrity": "sha512-duORpUiYrEpzKIop6iNbjnwKLAKnJ47csTyRACyEmWj0QdUrm5aqNJGHSSEQSUAvNW0ojX0dOmK9dZduvkfeXA==",
          "dev": true,
          "requires": {
            "@babel/types": "^7.18.6"
          }
        }
      }
    },
    "@babel/helper-replace-supers": {
      "version": "7.19.1",
      "resolved": "https://registry.npmjs.org/@babel/helper-replace-supers/-/helper-replace-supers-7.19.1.tgz",
      "integrity": "sha512-T7ahH7wV0Hfs46SFh5Jz3s0B6+o8g3c+7TMxu7xKfmHikg7EAZ3I2Qk9LFhjxXq8sL7UkP5JflezNwoZa8WvWw==",
      "dev": true,
      "requires": {
        "@babel/helper-environment-visitor": "^7.18.9",
        "@babel/helper-member-expression-to-functions": "^7.18.9",
        "@babel/helper-optimise-call-expression": "^7.18.6",
        "@babel/traverse": "^7.19.1",
        "@babel/types": "^7.19.0"
      }
    },
    "@babel/helper-simple-access": {
      "version": "7.19.4",
      "resolved": "https://registry.npmjs.org/@babel/helper-simple-access/-/helper-simple-access-7.19.4.tgz",
      "integrity": "sha512-f9Xq6WqBFqaDfbCzn2w85hwklswz5qsKlh7f08w4Y9yhJHpnNC0QemtSkK5YyOY8kPGvyiwdzZksGUhnGdaUIg==",
      "dev": true,
      "requires": {
        "@babel/types": "^7.19.4"
      }
    },
    "@babel/helper-skip-transparent-expression-wrappers": {
      "version": "7.18.9",
      "resolved": "https://registry.npmjs.org/@babel/helper-skip-transparent-expression-wrappers/-/helper-skip-transparent-expression-wrappers-7.18.9.tgz",
      "integrity": "sha512-imytd2gHi3cJPsybLRbmFrF7u5BIEuI2cNheyKi3/iOBC63kNn3q8Crn2xVuESli0aM4KYsyEqKyS7lFL8YVtw==",
      "dev": true,
      "requires": {
        "@babel/types": "^7.18.9"
      }
    },
    "@babel/helper-split-export-declaration": {
      "version": "7.18.6",
      "resolved": "https://registry.npmjs.org/@babel/helper-split-export-declaration/-/helper-split-export-declaration-7.18.6.tgz",
      "integrity": "sha512-bde1etTx6ZyTmobl9LLMMQsaizFVZrquTEHOqKeQESMKo4PlObf+8+JA25ZsIpZhT/WEd39+vOdLXAFG/nELpA==",
      "dev": true,
      "requires": {
        "@babel/types": "^7.18.6"
      }
    },
    "@babel/helper-string-parser": {
      "version": "7.19.4",
      "resolved": "https://registry.npmjs.org/@babel/helper-string-parser/-/helper-string-parser-7.19.4.tgz",
      "integrity": "sha512-nHtDoQcuqFmwYNYPz3Rah5ph2p8PFeFCsZk9A/48dPc/rGocJ5J3hAAZ7pb76VWX3fZKu+uEr/FhH5jLx7umrw==",
      "dev": true
    },
    "@babel/helper-validator-identifier": {
      "version": "7.19.1",
      "resolved": "https://registry.npmjs.org/@babel/helper-validator-identifier/-/helper-validator-identifier-7.19.1.tgz",
      "integrity": "sha512-awrNfaMtnHUr653GgGEs++LlAvW6w+DcPrOliSMXWCKo597CwL5Acf/wWdNkf/tfEQE3mjkeD1YOVZOUV/od1w==",
      "dev": true
    },
    "@babel/helper-validator-option": {
      "version": "7.18.6",
      "resolved": "https://registry.npmjs.org/@babel/helper-validator-option/-/helper-validator-option-7.18.6.tgz",
      "integrity": "sha512-XO7gESt5ouv/LRJdrVjkShckw6STTaB7l9BrpBaAHDeF5YZT+01PCwmR0SJHnkW6i8OwW/EVWRShfi4j2x+KQw==",
      "dev": true
    },
    "@babel/helper-wrap-function": {
      "version": "7.19.0",
      "resolved": "https://registry.npmjs.org/@babel/helper-wrap-function/-/helper-wrap-function-7.19.0.tgz",
      "integrity": "sha512-txX8aN8CZyYGTwcLhlk87KRqncAzhh5TpQamZUa0/u3an36NtDpUP6bQgBCBcLeBs09R/OwQu3OjK0k/HwfNDg==",
      "dev": true,
      "requires": {
        "@babel/helper-function-name": "^7.19.0",
        "@babel/template": "^7.18.10",
        "@babel/traverse": "^7.19.0",
        "@babel/types": "^7.19.0"
      },
      "dependencies": {
        "@babel/template": {
          "version": "7.18.10",
          "resolved": "https://registry.npmjs.org/@babel/template/-/template-7.18.10.tgz",
          "integrity": "sha512-TI+rCtooWHr3QJ27kJxfjutghu44DLnasDMwpDqCXVTal9RLp3RSYNh4NdBrRP2cQAoG9A8juOQl6P6oZG4JxA==",
          "dev": true,
          "requires": {
            "@babel/code-frame": "^7.18.6",
            "@babel/parser": "^7.18.10",
            "@babel/types": "^7.18.10"
          }
        }
      }
    },
    "@babel/helpers": {
      "version": "7.19.4",
      "resolved": "https://registry.npmjs.org/@babel/helpers/-/helpers-7.19.4.tgz",
      "integrity": "sha512-G+z3aOx2nfDHwX/kyVii5fJq+bgscg89/dJNWpYeKeBv3v9xX8EIabmx1k6u9LS04H7nROFVRVK+e3k0VHp+sw==",
      "dev": true,
      "requires": {
        "@babel/template": "^7.18.10",
        "@babel/traverse": "^7.19.4",
        "@babel/types": "^7.19.4"
      },
      "dependencies": {
        "@babel/template": {
          "version": "7.18.10",
          "resolved": "https://registry.npmjs.org/@babel/template/-/template-7.18.10.tgz",
          "integrity": "sha512-TI+rCtooWHr3QJ27kJxfjutghu44DLnasDMwpDqCXVTal9RLp3RSYNh4NdBrRP2cQAoG9A8juOQl6P6oZG4JxA==",
          "dev": true,
          "requires": {
            "@babel/code-frame": "^7.18.6",
            "@babel/parser": "^7.18.10",
            "@babel/types": "^7.18.10"
          }
        }
      }
    },
    "@babel/highlight": {
      "version": "7.18.6",
      "resolved": "https://registry.npmjs.org/@babel/highlight/-/highlight-7.18.6.tgz",
      "integrity": "sha512-u7stbOuYjaPezCuLj29hNW1v64M2Md2qupEKP1fHc7WdOA3DgLh37suiSrZYY7haUB7iBeQZ9P1uiRF359do3g==",
      "dev": true,
      "requires": {
        "@babel/helper-validator-identifier": "^7.18.6",
        "chalk": "^2.0.0",
        "js-tokens": "^4.0.0"
      }
    },
    "@babel/parser": {
      "version": "7.19.4",
      "resolved": "https://registry.npmjs.org/@babel/parser/-/parser-7.19.4.tgz",
      "integrity": "sha512-qpVT7gtuOLjWeDTKLkJ6sryqLliBaFpAtGeqw5cs5giLldvh+Ch0plqnUMKoVAUS6ZEueQQiZV+p5pxtPitEsA==",
      "dev": true
    },
    "@babel/plugin-bugfix-v8-spread-parameters-in-optional-chaining": {
      "version": "7.18.9",
      "resolved": "https://registry.npmjs.org/@babel/plugin-bugfix-v8-spread-parameters-in-optional-chaining/-/plugin-bugfix-